
Microsoft Visual Studio Solution File, Format Version 12.00
# Visual Studio Version 16
VisualStudioVersion = 16.0.30330.147
MinimumVisualStudioVersion = 10.0.40219.1
Project("{FAE04EC0-301F-11D3-BF4B-00C04F79EFBC}") = "MarketStokOtomasyonu", "MarketStokOtomasyonu\MarketStokOtomasyonu.csproj", "{5E5EC643-FC71-48B8-95D3-3562EF7CDD19}"
EndProject
Global
	GlobalSection(SolutionConfigurationPlatforms) = preSolution
		Debug|Any CPU = Debug|Any CPU
		Release|Any CPU = Release|Any CPU
	EndGlobalSection
	GlobalSection(ProjectConfigurationPlatforms) = postSolution
		{5E5EC643-FC71-48B8-95D3-3562EF7CDD19}.Debug|Any CPU.ActiveCfg = Debug|Any CPU
		{5E5EC643-FC71-48B8-95D3-3562EF7CDD19}.Debug|Any CPU.Build.0 = Debug|Any CPU
		{5E5EC643-FC71-48B8-95D3-3562EF7CDD19}.Release|Any CPU.ActiveCfg = Release|Any CPU
		{5E5EC643-FC71-48B8-95D3-3562EF7CDD19}.Release|Any CPU.Build.0 = Release|Any CPU
	EndGlobalSection
	GlobalSection(SolutionProperties) = preSolution
		HideSolutionNode = FALSE
	EndGlobalSection
	GlobalSection(ExtensibilityGlobals) = postSolution
		SolutionGuid = {6B9CCA4E-DB35-4C66-BD05-25C0BE3CFF50}
	EndGlobalSection
EndGlobal
